
Microsoft Visual Studio Solution File, Format Version 12.00
# Visual Studio Version 16
VisualStudioVersion = 16.0.30114.105
MinimumVisualStudioVersion = 10.0.40219.1
Project("{FAE04EC0-301F-11D3-BF4B-00C04F79EFBC}") = "TheMoneyExample", "TheMoneyExample\TheMoneyExample.csproj", "{72306B77-3EB8-446D-B5DD-E73E240A405B}"
EndProject
Project("{FAE04EC0-301F-11D3-BF4B-00C04F79EFBC}") = "TheMoneyExample.Tests", "TheMoneyExample.Tests\TheMoneyExample.Tests.csproj", "{F16D3A46-7C57-4CFA-BDBC-40117A75D8DD}"
EndProject
Global
	GlobalSection(SolutionConfigurationPlatforms) = preSolution
		Debug|Any CPU = Debug|Any CPU
		Release|Any CPU = Release|Any CPU
	EndGlobalSection
	GlobalSection(SolutionProperties) = preSolution
		HideSolutionNode = FALSE
	EndGlobalSection
	GlobalSection(ProjectConfigurationPlatforms) = postSolution
		{72306B77-3EB8-446D-B5DD-E73E240A405B}.Debug|Any CPU.ActiveCfg = Debug|Any CPU
		{72306B77-3EB8-446D-B5DD-E73E240A405B}.Debug|Any CPU.Build.0 = Debug|Any CPU
		{72306B77-3EB8-446D-B5DD-E73E240A405B}.Release|Any CPU.ActiveCfg = Release|Any CPU
		{72306B77-3EB8-446D-B5DD-E73E240A405B}.Release|Any CPU.Build.0 = Release|Any CPU
		{F16D3A46-7C57-4CFA-BDBC-40117A75D8DD}.Debug|Any CPU.ActiveCfg = Debug|Any CPU
		{F16D3A46-7C57-4CFA-BDBC-40117A75D8DD}.Debug|Any CPU.Build.0 = Debug|Any CPU
		{F16D3A46-7C57-4CFA-BDBC-40117A75D8DD}.Release|Any CPU.ActiveCfg = Release|Any CPU
		{F16D3A46-7C57-4CFA-BDBC-40117A75D8DD}.Release|Any CPU.Build.0 = Release|Any CPU
	EndGlobalSection
EndGlobal
